hash: 33782e449295ca765cfc996e8e3eca09a19cfdb629d7eff10f37be91ab286f00
updated: 2017-03-19T18:19:18.234089869+01:00
imports:
- name: github.com/BurntSushi/toml
  version: bbd5bb678321a0d6e58f1099321dfa73391c1b6f
- name: github.com/fatih/color
  version: 42c364ba490082e4815b5222728711b3440603eb
- name: github.com/hokaccha/go-prettyjson
  version: 2ca88a7e960988130b54fe7f357cdfafe5e8b2c2
- name: github.com/inconshreveable/mousetrap
  version: 76626ae9c91c4f2a10f34cad8ce83ea42c93bb75
- name: github.com/mainflux/mainflux-core
  version: 4dd3359848fbe071379bff7c50e0b81d85bf9c72
  subpackages:
  - models
- name: github.com/mattn/go-colorable
  version: d228849504861217f796da67fae4f6e347643f15
- name: github.com/mattn/go-isatty
  version: 30a891c33c7cde7b02a981314b4228ec99380cca
- name: github.com/spf13/cobra
  version: 0f056af21f5f368e5b0646079d0094a2c64150f7
- name: github.com/spf13/pflag
  version: a9a634f3de0a7529baded7ad6b0c7467d5c6eca7
- name: golang.org/x/sys
  version: d75a52659825e75fff6158388dddc6a5b04f9ba5
  subpackages:
  - unix
testImports: []
